
Microsoft Visual Studio Solution File, Format Version 12.00
# Visual Studio Version 16
VisualStudioVersion = 16.0.29806.167
MinimumVisualStudioVersion = 10.0.40219.1
Project("{FAE04EC0-301F-11D3-BF4B-00C04F79EFBC}") = "KEALoopsInLoops", "KEALoopsInLoops\KEALoopsInLoops.csproj", "{8700F49B-80C7-45A1-8B8C-773D6D9BBE4C}"
EndProject
Global
	GlobalSection(SolutionConfigurationPlatforms) = preSolution
		Debug|Any CPU = Debug|Any CPU
		Release|Any CPU = Release|Any CPU
	EndGlobalSection
	GlobalSection(ProjectConfigurationPlatforms) = postSolution
		{8700F49B-80C7-45A1-8B8C-773D6D9BBE4C}.Debug|Any CPU.ActiveCfg = Debug|Any CPU
		{8700F49B-80C7-45A1-8B8C-773D6D9BBE4C}.Debug|Any CPU.Build.0 = Debug|Any CPU
		{8700F49B-80C7-45A1-8B8C-773D6D9BBE4C}.Release|Any CPU.ActiveCfg = Release|Any CPU
		{8700F49B-80C7-45A1-8B8C-773D6D9BBE4C}.Release|Any CPU.Build.0 = Release|Any CPU
	EndGlobalSection
	GlobalSection(SolutionProperties) = preSolution
		HideSolutionNode = FALSE
	EndGlobalSection
	GlobalSection(ExtensibilityGlobals) = postSolution
		SolutionGuid = {D4968E35-9E1D-4693-9762-3D26FD6CF75F}
	EndGlobalSection
EndGlobal
